
Microsoft Visual Studio Solution File, Format Version 12.00
# Visual Studio Version 16
VisualStudioVersion = 16.0.31402.337
MinimumVisualStudioVersion = 10.0.40219.1
Project("{FAE04EC0-301F-11D3-BF4B-00C04F79EFBC}") = "AliExpress.Web.Api", "src\AliExpress.Web.Api\AliExpress.Web.Api.csproj", "{4E8CA4A0-AE59-4E30-8C82-1EE901DA8BCE}"
EndProject
Global
	GlobalSection(SolutionConfigurationPlatforms) = preSolution
		Debug|Any CPU = Debug|Any CPU
		Release|Any CPU = Release|Any CPU
	EndGlobalSection
	GlobalSection(ProjectConfigurationPlatforms) = postSolution
		{4E8CA4A0-AE59-4E30-8C82-1EE901DA8BCE}.Debug|Any CPU.ActiveCfg = Debug|Any CPU
		{4E8CA4A0-AE59-4E30-8C82-1EE901DA8BCE}.Debug|Any CPU.Build.0 = Debug|Any CPU
		{4E8CA4A0-AE59-4E30-8C82-1EE901DA8BCE}.Release|Any CPU.ActiveCfg = Release|Any CPU
		{4E8CA4A0-AE59-4E30-8C82-1EE901DA8BCE}.Release|Any CPU.Build.0 = Release|Any CPU
	EndGlobalSection
	GlobalSection(SolutionProperties) = preSolution
		HideSolutionNode = FALSE
	EndGlobalSection
	GlobalSection(ExtensibilityGlobals) = postSolution
		SolutionGuid = {0C4D097C-C908-40F2-B2A1-515046B4CBF8}
	EndGlobalSection
EndGlobal
